// !$*UTF8*$!
{
	archiveVersion = 1;
	classes = {
	};
	objectVersion = 46;
	objects = {

/* Begin PBXBuildFile section */
		981AAF60172871DF0016146A /* CameraAppDelegate.mm in Sources */ = {isa = PBXBuildFile; fileRef = 981AAF4B172871DF0016146A /* CameraAppDelegate.mm */; };
		981AAF61172871DF0016146A /* CameraViewController.mm in Sources */ = {isa = PBXBuildFile; fileRef = 981AAF4D172871DF0016146A /* CameraViewController.mm */; };
		981AAF62172871DF0016146A /* InfoPlist.strings in Resources */ = {isa = PBXBuildFile; fileRef = 981AAF4F172871DF0016146A /* InfoPlist.strings */; };
		981AAF63172871DF0016146A /* MainStoryboard.storyboard in Resources */ = {isa = PBXBuildFile; fileRef = 981AAF51172871DF0016146A /* MainStoryboard.storyboard */; };
		981AAF64172871DF0016146A /* GLProgram.m in Sources */ = {isa = PBXBuildFile; fileRef = 981AAF54172871DF0016146A /* GLProgram.m */; };
		981AAF65172871DF0016146A /* GraphicsSingleton.mm in Sources */ = {isa = PBXBuildFile; fileRef = 981AAF56172871DF0016146A /* GraphicsSingleton.mm */; };
		981AAF66172871DF0016146A /* main.mm in Sources */ = {isa = PBXBuildFile; fileRef = 981AAF57172871DF0016146A /* main.mm */; };
		981AAF67172871DF0016146A /* PointCloudProcessing.cpp in Sources */ = {isa = PBXBuildFile; fileRef = 981AAF58172871DF0016146A /* PointCloudProcessing.cpp */; };
		981AAF68172871DF0016146A /* PointView.mm in Sources */ = {isa = PBXBuildFile; fileRef = 981AAF5B172871DF0016146A /* PointView.mm */; };
		981AAF69172871DF0016146A /* Rephoto-Info.plist in Resources */ = {isa = PBXBuildFile; fileRef = 981AAF5C172871DF0016146A /* Rephoto-Info.plist */; };
		981AAF6A172871DF0016146A /* Shader.fsh in Sources */ = {isa = PBXBuildFile; fileRef = 981AAF5E172871DF0016146A /* Shader.fsh */; };
		981AAF6B172871DF0016146A /* Shader.vsh in Sources */ = {isa = PBXBuildFile; fileRef = 981AAF5F172871DF0016146A /* Shader.vsh */; };
		981AAF831728740B0016146A /* Matrix4x4.cpp in Sources */ = {isa = PBXBuildFile; fileRef = 981AAF811728740B0016146A /* Matrix4x4.cpp */; };
		981AAF90172875080016146A /* Pose.cpp in Sources */ = {isa = PBXBuildFile; fileRef = 981AAF8E172875080016146A /* Pose.cpp */; };
		981AAF93172878350016146A /* Vector3D.cpp in Sources */ = {isa = PBXBuildFile; fileRef = 981AAF91172878350016146A /* Vector3D.cpp */; };
		981AAF96172878420016146A /* Quaternion.cpp in Sources */ = {isa = PBXBuildFile; fileRef = 981AAF94172878420016146A /* Quaternion.cpp */; };
		982141E416E54E2D00F7388F /* libpointcloud.a in Frameworks */ = {isa = PBXBuildFile; fileRef = 982141E316E54E2D00F7388F /* libpointcloud.a */; };
		983AD86F16E1700A002870E8 /* QuartzCore.framework in Frameworks */ = {isa = PBXBuildFile; fileRef = 983AD86E16E1700A002870E8 /* QuartzCore.framework */; };
		984EE9BC16DD2D7F00BD24D5 /* UIKit.framework in Frameworks */ = {isa = PBXBuildFile; fileRef = 984EE9BB16DD2D7F00BD24D5 /* UIKit.framework */; };
		984EE9BE16DD2D7F00BD24D5 /* Foundation.framework in Frameworks */ = {isa = PBXBuildFile; fileRef = 984EE9BD16DD2D7F00BD24D5 /* Foundation.framework */; };
		984EE9C016DD2D7F00BD24D5 /* CoreGraphics.framework in Frameworks */ = {isa = PBXBuildFile; fileRef = 984EE9BF16DD2D7F00BD24D5 /* CoreGraphics.framework */; };
		9890D57016F8D8EB00EAC19E /* image_target_2.jpg in Resources */ = {isa = PBXBuildFile; fileRef = 9890D56E16F8D8EB00EAC19E /* image_target_2.jpg */; };
		9890D57116F8D8EB00EAC19E /* image_target_2.model in Resources */ = {isa = PBXBuildFile; fileRef = 9890D56F16F8D8EB00EAC19E /* image_target_2.model */; };
		9891EA6116E0118700834E74 /* AVFoundation.framework in Frameworks */ = {isa = PBXBuildFile; fileRef = 9891EA6016E0118700834E74 /* AVFoundation.framework */; };
		9891EA6316E0126800834E74 /* CoreMedia.framework in Frameworks */ = {isa = PBXBuildFile; fileRef = 9891EA6216E0126800834E74 /* CoreMedia.framework */; };
		9891EA6516E0126F00834E74 /* CoreVideo.framework in Frameworks */ = {isa = PBXBuildFile; fileRef = 9891EA6416E0126F00834E74 /* CoreVideo.framework */; };
		9891EA6716E0172A00834E74 /* CoreMotion.framework in Frameworks */ = {isa = PBXBuildFile; fileRef = 9891EA6616E0172A00834E74 /* CoreMotion.framework */; };
		98B598A016E5654A007BF4C3 /* Accelerate.framework in Frameworks */ = {isa = PBXBuildFile; fileRef = 98B5989F16E5654A007BF4C3 /* Accelerate.framework */; };
		98B598A216E56553007BF4C3 /* OpenGLES.framework in Frameworks */ = {isa = PBXBuildFile; fileRef = 98B598A116E56553007BF4C3 /* OpenGLES.framework */; };
/* End PBXBuildFile section */

/* Begin PBXFileReference section */
		981AAF4A172871DF0016146A /* CameraAppDelegate.h */ = {isa = PBXFileReference; fileEncoding = 4; lastKnownFileType = sourcecode.c.h; name = CameraAppDelegate.h; path = Rephoto/CameraAppDelegate.h; sourceTree = "<group>"; };
		981AAF4B172871DF0016146A /* CameraAppDelegate.mm */ = {isa = PBXFileReference; fileEncoding = 4; lastKnownFileType = sourcecode.cpp.objcpp; name = CameraAppDelegate.mm; path = Rephoto/CameraAppDelegate.mm; sourceTree = "<group>"; };
		981AAF4C172871DF0016146A /* CameraViewController.h */ = {isa = PBXFileReference; fileEncoding = 4; lastKnownFileType = sourcecode.c.h; name = CameraViewController.h; path = Rephoto/CameraViewController.h; sourceTree = "<group>"; };
		981AAF4D172871DF0016146A /* CameraViewController.mm */ = {isa = PBXFileReference; fileEncoding = 4; lastKnownFileType = sourcecode.cpp.objcpp; name = CameraViewController.mm; path = Rephoto/CameraViewController.mm; sourceTree = "<group>"; };
		981AAF50172871DF0016146A /* en */ = {isa = PBXFileReference; lastKnownFileType = text.plist.strings; name = en; path = InfoPlist.strings; sourceTree = "<group>"; };
		981AAF52172871DF0016146A /* en */ = {isa = PBXFileReference; lastKnownFileType = file.storyboard; name = en; path = MainStoryboard.storyboard; sourceTree = "<group>"; };
		981AAF53172871DF0016146A /* GLProgram.h */ = {isa = PBXFileReference; fileEncoding = 4; lastKnownFileType = sourcecode.c.h; name = GLProgram.h; path = Rephoto/GLProgram.h; sourceTree = "<group>"; };
		981AAF54172871DF0016146A /* GLProgram.m */ = {isa = PBXFileReference; fileEncoding = 4; lastKnownFileType = sourcecode.c.objc; name = GLProgram.m; path = Rephoto/GLProgram.m; sourceTree = "<group>"; };
		981AAF55172871DF0016146A /* GraphicsSingleton.h */ = {isa = PBXFileReference; fileEncoding = 4; lastKnownFileType = sourcecode.c.h; name = GraphicsSingleton.h; path = Rephoto/GraphicsSingleton.h; sourceTree = "<group>"; };
		981AAF56172871DF0016146A /* GraphicsSingleton.mm */ = {isa = PBXFileReference; fileEncoding = 4; lastKnownFileType = sourcecode.cpp.objcpp; name = GraphicsSingleton.mm; path = Rephoto/GraphicsSingleton.mm; sourceTree = "<group>"; };
		981AAF57172871DF0016146A /* main.mm */ = {isa = PBXFileReference; fileEncoding = 4; lastKnownFileType = sourcecode.cpp.objcpp; name = main.mm; path = Rephoto/main.mm; sourceTree = "<group>"; };
		981AAF58172871DF0016146A /* PointCloudProcessing.cpp */ = {isa = PBXFileReference; fileEncoding = 4; lastKnownFileType = sourcecode.cpp.cpp; name = PointCloudProcessing.cpp; path = Rephoto/PointCloudProcessing.cpp; sourceTree = "<group>"; };
		981AAF59172871DF0016146A /* PointCloudProcessing.h */ = {isa = PBXFileReference; fileEncoding = 4; lastKnownFileType = sourcecode.c.h; name = PointCloudProcessing.h; path = Rephoto/PointCloudProcessing.h; sourceTree = "<group>"; };
		981AAF5A172871DF0016146A /* PointView.h */ = {isa = PBXFileReference; fileEncoding = 4; lastKnownFileType = sourcecode.c.h; name = PointView.h; path = Rephoto/PointView.h; sourceTree = "<group>"; };
		981AAF5B172871DF0016146A /* PointView.mm */ = {isa = PBXFileReference; fileEncoding = 4; lastKnownFileType = sourcecode.cpp.objcpp; name = PointView.mm; path = Rephoto/PointView.mm; sourceTree = "<group>"; };
		981AAF5C172871DF0016146A /* Rephoto-Info.plist */ = {isa = PBXFileReference; fileEncoding = 4; lastKnownFileType = text.plist.xml; name = "Rephoto-Info.plist"; path = "Rephoto/Rephoto-Info.plist"; sourceTree = "<group>"; };
		981AAF5D172871DF0016146A /* Rephoto-Prefix.pch */ = {isa = PBXFileReference; fileEncoding = 4; lastKnownFileType = sourcecode.c.h; name = "Rephoto-Prefix.pch"; path = "Rephoto/Rephoto-Prefix.pch"; sourceTree = "<group>"; };
		981AAF5E172871DF0016146A /* Shader.fsh */ = {isa = PBXFileReference; fileEncoding = 4; lastKnownFileType = sourcecode.glsl; name = Shader.fsh; path = Rephoto/Shader.fsh; sourceTree = "<group>"; };
		981AAF5F172871DF0016146A /* Shader.vsh */ = {isa = PBXFileReference; fileEncoding = 4; lastKnownFileType = sourcecode.glsl; name = Shader.vsh; path = Rephoto/Shader.vsh; sourceTree = "<group>"; };
		981AAF811728740B0016146A /* Matrix4x4.cpp */ = {isa = PBXFileReference; fileEncoding = 4; lastKnownFileType = sourcecode.cpp.cpp; name = Matrix4x4.cpp; path = Rephoto/cpplinearalgebra/Matrix4x4.cpp; sourceTree = "<group>"; };
		981AAF821728740B0016146A /* Matrix4x4.h */ = {isa = PBXFileReference; fileEncoding = 4; lastKnownFileType = sourcecode.c.h; name = Matrix4x4.h; path = Rephoto/cpplinearalgebra/Matrix4x4.h; sourceTree = "<group>"; };
		981AAF8E172875080016146A /* Pose.cpp */ = {isa = PBXFileReference; fileEncoding = 4; lastKnownFileType = sourcecode.cpp.cpp; name = Pose.cpp; path = Rephoto/cpplinearalgebra/Pose.cpp; sourceTree = "<group>"; };
		981AAF8F172875080016146A /* Pose.h */ = {isa = PBXFileReference; fileEncoding = 4; lastKnownFileType = sourcecode.c.h; name = Pose.h; path = Rephoto/cpplinearalgebra/Pose.h; sourceTree = "<group>"; };
		981AAF91172878350016146A /* Vector3D.cpp */ = {isa = PBXFileReference; fileEncoding = 4; lastKnownFileType = sourcecode.cpp.cpp; name = Vector3D.cpp; path = Rephoto/cpplinearalgebra/Vector3D.cpp; sourceTree = "<group>"; };
		981AAF92172878350016146A /* Vector3D.h */ = {isa = PBXFileReference; fileEncoding = 4; lastKnownFileType = sourcecode.c.h; name = Vector3D.h; path = Rephoto/cpplinearalgebra/Vector3D.h; sourceTree = "<group>"; };
		981AAF94172878420016146A /* Quaternion.cpp */ = {isa = PBXFileReference; fileEncoding = 4; lastKnownFileType = sourcecode.cpp.cpp; name = Quaternion.cpp; path = Rephoto/cpplinearalgebra/Quaternion.cpp; sourceTree = "<group>"; };
		981AAF95172878420016146A /* Quaternion.h */ = {isa = PBXFileReference; fileEncoding = 4; lastKnownFileType = sourcecode.c.h; name = Quaternion.h; path = Rephoto/cpplinearalgebra/Quaternion.h; sourceTree = "<group>"; };
		981AAF9717287C7F0016146A /* cpplinearalgebra.h */ = {isa = PBXFileReference; fileEncoding = 4; lastKnownFileType = sourcecode.c.h; name = cpplinearalgebra.h; path = Rephoto/cpplinearalgebra/cpplinearalgebra.h; sourceTree = "<group>"; };
		982141E316E54E2D00F7388F /* libpointcloud.a */ = {isa = PBXFileReference; lastKnownFileType = archive.ar; name = libpointcloud.a; path = ../libpointcloud_iOS/libpointcloud.a; sourceTree = "<group>"; };
		983AD86C16E16BB1002870E8 /* PointCloud.h */ = {isa = PBXFileReference; fileEncoding = 4; lastKnownFileType = sourcecode.c.h; name = PointCloud.h; path = ../libpointcloud_iOS/PointCloud.h; sourceTree = "<group>"; };
		983AD86E16E1700A002870E8 /* QuartzCore.framework */ = {isa = PBXFileReference; lastKnownFileType = wrapper.framework; name = QuartzCore.framework; path = System/Library/Frameworks/QuartzCore.framework; sourceTree = SDKROOT; };
		984EE9B716DD2D7F00BD24D5 /* Rephoto.app */ = {isa = PBXFileReference; explicitFileType = wrapper.application; includeInIndex = 0; path = Rephoto.app; sourceTree = BUILT_PRODUCTS_DIR; };
		984EE9BB16DD2D7F00BD24D5 /* UIKit.framework */ = {isa = PBXFileReference; lastKnownFileType = wrapper.framework; name = UIKit.framework; path = System/Library/Frameworks/UIKit.framework; sourceTree = SDKROOT; };
		984EE9BD16DD2D7F00BD24D5 /* Foundation.framework */ = {isa = PBXFileReference; lastKnownFileType = wrapper.framework; name = Foundation.framework; path = System/Library/Frameworks/Foundation.framework; sourceTree = SDKROOT; };
		984EE9BF16DD2D7F00BD24D5 /* CoreGraphics.framework */ = {isa = PBXFileReference; lastKnownFileType = wrapper.framework; name = CoreGraphics.framework; path = System/Library/Frameworks/CoreGraphics.framework; sourceTree = SDKROOT; };
		9890D56E16F8D8EB00EAC19E /* image_target_2.jpg */ = {isa = PBXFileReference; lastKnownFileType = image.jpeg; path = image_target_2.jpg; sourceTree = "<group>"; };
		9890D56F16F8D8EB00EAC19E /* image_target_2.model */ = {isa = PBXFileReference; lastKnownFileType = file; path = image_target_2.model; sourceTree = "<group>"; };
		9891EA6016E0118700834E74 /* AVFoundation.framework */ = {isa = PBXFileReference; lastKnownFileType = wrapper.framework; name = AVFoundation.framework; path = System/Library/Frameworks/AVFoundation.framework; sourceTree = SDKROOT; };
		9891EA6216E0126800834E74 /* CoreMedia.framework */ = {isa = PBXFileReference; lastKnownFileType = wrapper.framework; name = CoreMedia.framework; path = System/Library/Frameworks/CoreMedia.framework; sourceTree = SDKROOT; };
		9891EA6416E0126F00834E74 /* CoreVideo.framework */ = {isa = PBXFileReference; lastKnownFileType = wrapper.framework; name = CoreVideo.framework; path = System/Library/Frameworks/CoreVideo.framework; sourceTree = SDKROOT; };
		9891EA6616E0172A00834E74 /* CoreMotion.framework */ = {isa = PBXFileReference; lastKnownFileType = wrapper.framework; name = CoreMotion.framework; path = System/Library/Frameworks/CoreMotion.framework; sourceTree = SDKROOT; };
		98B5989F16E5654A007BF4C3 /* Accelerate.framework */ = {isa = PBXFileReference; lastKnownFileType = wrapper.framework; name = Accelerate.framework; path = System/Library/Frameworks/Accelerate.framework; sourceTree = SDKROOT; };
		98B598A116E56553007BF4C3 /* OpenGLES.framework */ = {isa = PBXFileReference; lastKnownFileType = wrapper.framework; name = OpenGLES.framework; path = System/Library/Frameworks/OpenGLES.framework; sourceTree = SDKROOT; };
/* End PBXFileReference section */

/* Begin PBXFrameworksBuildPhase section */
		984EE9B416DD2D7F00BD24D5 /* Frameworks */ = {
			isa = PBXFrameworksBuildPhase;
			buildActionMask = 2147483647;
			files = (
				98B598A216E56553007BF4C3 /* OpenGLES.framework in Frameworks */,
				98B598A016E5654A007BF4C3 /* Accelerate.framework in Frameworks */,
				982141E416E54E2D00F7388F /* libpointcloud.a in Frameworks */,
				983AD86F16E1700A002870E8 /* QuartzCore.framework in Frameworks */,
				9891EA6716E0172A00834E74 /* CoreMotion.framework in Frameworks */,
				9891EA6516E0126F00834E74 /* CoreVideo.framework in Frameworks */,
				9891EA6316E0126800834E74 /* CoreMedia.framework in Frameworks */,
				9891EA6116E0118700834E74 /* AVFoundation.framework in Frameworks */,
				984EE9BC16DD2D7F00BD24D5 /* UIKit.framework in Frameworks */,
				984EE9BE16DD2D7F00BD24D5 /* Foundation.framework in Frameworks */,
				984EE9C016DD2D7F00BD24D5 /* CoreGraphics.framework in Frameworks */,
			);
			runOnlyForDeploymentPostprocessing = 0;
		};
/* End PBXFrameworksBuildPhase section */

/* Begin PBXGroup section */
		981AAF4E172871DF0016146A /* en.lproj */ = {
			isa = PBXGroup;
			children = (
				981AAF4F172871DF0016146A /* InfoPlist.strings */,
				981AAF51172871DF0016146A /* MainStoryboard.storyboard */,
			);
			name = en.lproj;
			path = Rephoto/en.lproj;
			sourceTree = "<group>";
		};
		981AAF84172874130016146A /* cpplinearalgebra */ = {
			isa = PBXGroup;
			children = (
				981AAF9717287C7F0016146A /* cpplinearalgebra.h */,
				981AAF94172878420016146A /* Quaternion.cpp */,
				981AAF95172878420016146A /* Quaternion.h */,
				981AAF91172878350016146A /* Vector3D.cpp */,
				981AAF92172878350016146A /* Vector3D.h */,
				981AAF8E172875080016146A /* Pose.cpp */,
				981AAF8F172875080016146A /* Pose.h */,
				981AAF811728740B0016146A /* Matrix4x4.cpp */,
				981AAF821728740B0016146A /* Matrix4x4.h */,
			);
			name = cpplinearalgebra;
			sourceTree = "<group>";
		};
		984EE9AC16DD2D7F00BD24D5 = {
			isa = PBXGroup;
			children = (
				981AAF84172874130016146A /* cpplinearalgebra */,
				981AAF4A172871DF0016146A /* CameraAppDelegate.h */,
				981AAF4B172871DF0016146A /* CameraAppDelegate.mm */,
				981AAF4C172871DF0016146A /* CameraViewController.h */,
				981AAF4D172871DF0016146A /* CameraViewController.mm */,
				981AAF4E172871DF0016146A /* en.lproj */,
				981AAF53172871DF0016146A /* GLProgram.h */,
				981AAF54172871DF0016146A /* GLProgram.m */,
				981AAF55172871DF0016146A /* GraphicsSingleton.h */,
				981AAF56172871DF0016146A /* GraphicsSingleton.mm */,
				981AAF57172871DF0016146A /* main.mm */,
				981AAF58172871DF0016146A /* PointCloudProcessing.cpp */,
				981AAF59172871DF0016146A /* PointCloudProcessing.h */,
				981AAF5A172871DF0016146A /* PointView.h */,
				981AAF5B172871DF0016146A /* PointView.mm */,
				981AAF5C172871DF0016146A /* Rephoto-Info.plist */,
				981AAF5D172871DF0016146A /* Rephoto-Prefix.pch */,
				981AAF5E172871DF0016146A /* Shader.fsh */,
				981AAF5F172871DF0016146A /* Shader.vsh */,
				9890D56D16F8D8CF00EAC19E /* Resources */,
				982141E316E54E2D00F7388F /* libpointcloud.a */,
				983AD86C16E16BB1002870E8 /* PointCloud.h */,
				984EE9BA16DD2D7F00BD24D5 /* Frameworks */,
				984EE9B816DD2D7F00BD24D5 /* Products */,
			);
			sourceTree = "<group>";
		};
		984EE9B816DD2D7F00BD24D5 /* Products */ = {
			isa = PBXGroup;
			children = (
				984EE9B716DD2D7F00BD24D5 /* Rephoto.app */,
			);
			name = Products;
			sourceTree = "<group>";
		};
		984EE9BA16DD2D7F00BD24D5 /* Frameworks */ = {
			isa = PBXGroup;
			children = (
				98B598A116E56553007BF4C3 /* OpenGLES.framework */,
				98B5989F16E5654A007BF4C3 /* Accelerate.framework */,
				983AD86E16E1700A002870E8 /* QuartzCore.framework */,
				9891EA6616E0172A00834E74 /* CoreMotion.framework */,
				9891EA6416E0126F00834E74 /* CoreVideo.framework */,
				9891EA6216E0126800834E74 /* CoreMedia.framework */,
				9891EA6016E0118700834E74 /* AVFoundation.framework */,
				984EE9BB16DD2D7F00BD24D5 /* UIKit.framework */,
				984EE9BD16DD2D7F00BD24D5 /* Foundation.framework */,
				984EE9BF16DD2D7F00BD24D5 /* CoreGraphics.framework */,
			);
			name = Frameworks;
			sourceTree = "<group>";
		};
		9890D56D16F8D8CF00EAC19E /* Resources */ = {
			isa = PBXGroup;
			children = (
				9890D56E16F8D8EB00EAC19E /* image_target_2.jpg */,
				9890D56F16F8D8EB00EAC19E /* image_target_2.model */,
			);
			name = Resources;
			sourceTree = "<group>";
		};
/* End PBXGroup section */

/* Begin PBXNativeTarget section */
		984EE9B616DD2D7F00BD24D5 /* Rephoto */ = {
			isa = PBXNativeTarget;
			buildConfigurationList = 984EE9DB16DD2D7F00BD24D5 /* Build configuration list for PBXNativeTarget "Rephoto" */;
			buildPhases = (
				984EE9B316DD2D7F00BD24D5 /* Sources */,
				984EE9B416DD2D7F00BD24D5 /* Frameworks */,
				984EE9B516DD2D7F00BD24D5 /* Resources */,
			);
			buildRules = (
			);
			dependencies = (
			);
			name = Rephoto;
			productName = Rephoto;
			productReference = 984EE9B716DD2D7F00BD24D5 /* Rephoto.app */;
			productType = "com.apple.product-type.application";
		};
/* End PBXNativeTarget section */

/* Begin PBXProject section */
		984EE9AE16DD2D7F00BD24D5 /* Project object */ = {
			isa = PBXProject;
			attributes = {
				CLASSPREFIX = Camera;
				LastUpgradeCheck = 0450;
				ORGANIZATIONNAME = "Michele Pratusevich";
			};
			buildConfigurationList = 984EE9B116DD2D7F00BD24D5 /* Build configuration list for PBXProject "Rephoto" */;
			compatibilityVersion = "Xcode 3.2";
			developmentRegion = English;
			hasScannedForEncodings = 0;
			knownRegions = (
				en,
			);
			mainGroup = 984EE9AC16DD2D7F00BD24D5;
			productRefGroup = 984EE9B816DD2D7F00BD24D5 /* Products */;
			projectDirPath = "";
			projectRoot = "";
			targets = (
				984EE9B616DD2D7F00BD24D5 /* Rephoto */,
			);
		};
/* End PBXProject section */

/* Begin PBXResourcesBuildPhase section */
		984EE9B516DD2D7F00BD24D5 /* Resources */ = {
			isa = PBXResourcesBuildPhase;
			buildActionMask = 2147483647;
			files = (
				9890D57016F8D8EB00EAC19E /* image_target_2.jpg in Resources */,
				9890D57116F8D8EB00EAC19E /* image_target_2.model in Resources */,
				981AAF62172871DF0016146A /* InfoPlist.strings in Resources */,
				981AAF63172871DF0016146A /* MainStoryboard.storyboard in Resources */,
				981AAF69172871DF0016146A /* Rephoto-Info.plist in Resources */,
			);
			runOnlyForDeploymentPostprocessing = 0;
		};
/* End PBXResourcesBuildPhase section */

/* Begin PBXSourcesBuildPhase section */
		984EE9B316DD2D7F00BD24D5 /* Sources */ = {
			isa = PBXSourcesBuildPhase;
			buildActionMask = 2147483647;
			files = (
				981AAF60172871DF0016146A /* CameraAppDelegate.mm in Sources */,
				981AAF61172871DF0016146A /* CameraViewController.mm in Sources */,
				981AAF64172871DF0016146A /* GLProgram.m in Sources */,
				981AAF65172871DF0016146A /* GraphicsSingleton.mm in Sources */,
				981AAF66172871DF0016146A /* main.mm in Sources */,
				981AAF67172871DF0016146A /* PointCloudProcessing.cpp in Sources */,
				981AAF68172871DF0016146A /* PointView.mm in Sources */,
				981AAF6A172871DF0016146A /* Shader.fsh in Sources */,
				981AAF6B172871DF0016146A /* Shader.vsh in Sources */,
				981AAF831728740B0016146A /* Matrix4x4.cpp in Sources */,
				981AAF90172875080016146A /* Pose.cpp in Sources */,
				981AAF93172878350016146A /* Vector3D.cpp in Sources */,
				981AAF96172878420016146A /* Quaternion.cpp in Sources */,
			);
			runOnlyForDeploymentPostprocessing = 0;
		};
/* End PBXSourcesBuildPhase section */

/* Begin PBXVariantGroup section */
		981AAF4F172871DF0016146A /* InfoPlist.strings */ = {
			isa = PBXVariantGroup;
			children = (
				981AAF50172871DF0016146A /* en */,
			);
			name = InfoPlist.strings;
			sourceTree = "<group>";
		};
		981AAF51172871DF0016146A /* MainStoryboard.storyboard */ = {
			isa = PBXVariantGroup;
			children = (
				981AAF52172871DF0016146A /* en */,
			);
			name = MainStoryboard.storyboard;
			sourceTree = "<group>";
		};
/* End PBXVariantGroup section */

/* Begin XCBuildConfiguration section */
		984EE9D916DD2D7F00BD24D5 /* Debug */ = {
			isa = XCBuildConfiguration;
			buildSettings = {
				ALWAYS_SEARCH_USER_PATHS = NO;
				CLANG_CXX_LANGUAGE_STANDARD = "compiler-default";
				CLANG_CXX_LIBRARY = "compiler-default";
				CLANG_ENABLE_OBJC_ARC = YES;
				CLANG_WARN_EMPTY_BODY = YES;
				CLANG_WARN__DUPLICATE_METHOD_MATCH = YES;
				"CODE_SIGN_IDENTITY[sdk=iphoneos*]" = "iPhone Developer";
				COPY_PHASE_STRIP = NO;
				GCC_C_LANGUAGE_STANDARD = gnu99;
				GCC_DYNAMIC_NO_PIC = NO;
				GCC_OPTIMIZATION_LEVEL = 0;
				GCC_PREPROCESSOR_DEFINITIONS = (
					"DEBUG=1",
					"$(inherited)",
				);
				GCC_SYMBOLS_PRIVATE_EXTERN = NO;
				GCC_WARN_ABOUT_RETURN_TYPE = YES;
				GCC_WARN_UNINITIALIZED_AUTOS = YES;
				GCC_WARN_UNUSED_VARIABLE = YES;
				IPHONEOS_DEPLOYMENT_TARGET = 6.0;
				LIBRARY_SEARCH_PATHS = "";
				ONLY_ACTIVE_ARCH = YES;
				SDKROOT = iphoneos;
				TARGETED_DEVICE_FAMILY = 2;
			};
			name = Debug;
		};
		984EE9DA16DD2D7F00BD24D5 /* Release */ = {
			isa = XCBuildConfiguration;
			buildSettings = {
				ALWAYS_SEARCH_USER_PATHS = NO;
				CLANG_CXX_LANGUAGE_STANDARD = "compiler-default";
				CLANG_CXX_LIBRARY = "compiler-default";
				CLANG_ENABLE_OBJC_ARC = YES;
				CLANG_WARN_EMPTY_BODY = YES;
				CLANG_WARN__DUPLICATE_METHOD_MATCH = YES;
				"CODE_SIGN_IDENTITY[sdk=iphoneos*]" = "iPhone Developer";
				COPY_PHASE_STRIP = YES;
				GCC_C_LANGUAGE_STANDARD = gnu99;
				GCC_WARN_ABOUT_RETURN_TYPE = YES;
				GCC_WARN_UNINITIALIZED_AUTOS = YES;
				GCC_WARN_UNUSED_VARIABLE = YES;
				IPHONEOS_DEPLOYMENT_TARGET = 6.0;
				LIBRARY_SEARCH_PATHS = "";
				ONLY_ACTIVE_ARCH = YES;
				OTHER_CFLAGS = "-DNS_BLOCK_ASSERTIONS=1";
				SDKROOT = iphoneos;
				TARGETED_DEVICE_FAMILY = 2;
				VALIDATE_PRODUCT = YES;
			};
			name = Release;
		};
		984EE9DC16DD2D7F00BD24D5 /* Debug */ = {
			isa = XCBuildConfiguration;
			buildSettings = {
				ARCHS = "$(ARCHS_STANDARD_32_BIT)";
				GCC_PRECOMPILE_PREFIX_HEADER = YES;
				GCC_PREFIX_HEADER = "Rephoto/Rephoto-Prefix.pch";
				GCC_VERSION = com.apple.compilers.llvm.clang.1_0;
				INFOPLIST_FILE = "Rephoto/Rephoto-Info.plist";
				IPHONEOS_DEPLOYMENT_TARGET = 6.0;
				LIBRARY_SEARCH_PATHS = (
					"$(inherited)",
					"\"$(SRCROOT)/../libpointcloud_iOS\"",
				);
				ONLY_ACTIVE_ARCH = YES;
				PRODUCT_NAME = "$(TARGET_NAME)";
				SUPPORTED_PLATFORMS = "iphonesimulator iphoneos";
				VALID_ARCHS = "armv7 armv7s";
				WRAPPER_EXTENSION = app;
			};
			name = Debug;
		};
		984EE9DD16DD2D7F00BD24D5 /* Release */ = {
			isa = XCBuildConfiguration;
			buildSettings = {
				ARCHS = "$(ARCHS_STANDARD_32_BIT)";
				GCC_PRECOMPILE_PREFIX_HEADER = YES;
				GCC_PREFIX_HEADER = "Rephoto/Rephoto-Prefix.pch";
				GCC_VERSION = com.apple.compilers.llvm.clang.1_0;
				INFOPLIST_FILE = "Rephoto/Rephoto-Info.plist";
				IPHONEOS_DEPLOYMENT_TARGET = 6.0;
				LIBRARY_SEARCH_PATHS = (
					"$(inherited)",
					"\"$(SRCROOT)/../libpointcloud_iOS\"",
				);
				ONLY_ACTIVE_ARCH = YES;
				PRODUCT_NAME = "$(TARGET_NAME)";
				SUPPORTED_PLATFORMS = "iphonesimulator iphoneos";
				VALID_ARCHS = "armv7 armv7s";
				WRAPPER_EXTENSION = app;
			};
			name = Release;
		};
/* End XCBuildConfiguration section */

/* Begin XCConfigurationList section */
		984EE9B116DD2D7F00BD24D5 /* Build configuration list for PBXProject "Rephoto" */ = {
			isa = XCConfigurationList;
			buildConfigurations = (
				984EE9D916DD2D7F00BD24D5 /* Debug */,
				984EE9DA16DD2D7F00BD24D5 /* Release */,
			);
			defaultConfigurationIsVisible = 0;
			defaultConfigurationName = Release;
		};
		984EE9DB16DD2D7F00BD24D5 /* Build configuration list for PBXNativeTarget "Rephoto" */ = {
			isa = XCConfigurationList;
			buildConfigurations = (
				984EE9DC16DD2D7F00BD24D5 /* Debug */,
				984EE9DD16DD2D7F00BD24D5 /* Release */,
			);
			defaultConfigurationIsVisible = 0;
			defaultConfigurationName = Release;
		};
/* End XCConfigurationList section */
	};
	rootObject = 984EE9AE16DD2D7F00BD24D5 /* Project object */;
}
